// !$*UTF8*$!
{
	archiveVersion = 1;
	classes = {
	};
	objectVersion = 52;
	objects = {

/* Begin PBXBuildFile section */
		205DFFB324BD49A50018BD75 /* Shimmer.swift in Sources */ = {isa = PBXBuildFile; fileRef = 205DFFB224BD49A50018BD75 /* Shimmer.swift */; };
		206376F7248F528300BB71BC /* WebView.swift in Sources */ = {isa = PBXBuildFile; fileRef = 206376F6248F528300BB71BC /* WebView.swift */; };
		207D4E7F248ABE7500413F08 /* AppDelegate.swift in Sources */ = {isa = PBXBuildFile; fileRef = 207D4E7E248ABE7500413F08 /* AppDelegate.swift */; };
		207D4E81248ABE7500413F08 /* SceneDelegate.swift in Sources */ = {isa = PBXBuildFile; fileRef = 207D4E80248ABE7500413F08 /* SceneDelegate.swift */; };
		207D4E83248ABE7500413F08 /* ContentView.swift in Sources */ = {isa = PBXBuildFile; fileRef = 207D4E82248ABE7500413F08 /* ContentView.swift */; };
		207D4E85248ABE7600413F08 /* Assets.xcassets in Resources */ = {isa = PBXBuildFile; fileRef = 207D4E84248ABE7600413F08 /* Assets.xcassets */; };
		207D4E88248ABE7600413F08 /* Preview Assets.xcassets in Resources */ = {isa = PBXBuildFile; fileRef = 207D4E87248ABE7600413F08 /* Preview Assets.xcassets */; };
		207D4E8B248ABE7600413F08 /* LaunchScreen.storyboard in Resources */ = {isa = PBXBuildFile; fileRef = 207D4E89248ABE7600413F08 /* LaunchScreen.storyboard */; };
		207D4E93248ABE9A00413F08 /* GetData.swift in Sources */ = {isa = PBXBuildFile; fileRef = 207D4E92248ABE9A00413F08 /* GetData.swift */; };
		207D4E96248ABF7E00413F08 /* SDWebImageSwiftUI in Frameworks */ = {isa = PBXBuildFile; productRef = 207D4E95248ABF7E00413F08 /* SDWebImageSwiftUI */; };
		207D4E98248AC92A00413F08 /* Photo.swift in Sources */ = {isa = PBXBuildFile; fileRef = 207D4E97248AC92A00413F08 /* Photo.swift */; };
/* End PBXBuildFile section */

/* Begin PBXFileReference section */
		205DFFB224BD49A50018BD75 /* Shimmer.swift */ = {isa = PBXFileReference; lastKnownFileType = sourcecode.swift; path = Shimmer.swift; sourceTree = "<group>"; };
		206376F6248F528300BB71BC /* WebView.swift */ = {isa = PBXFileReference; lastKnownFileType = sourcecode.swift; path = WebView.swift; sourceTree = "<group>"; };
		207D4E7B248ABE7500413F08 /* Photo90.app */ = {isa = PBXFileReference; explicitFileType = wrapper.application; includeInIndex = 0; path = Photo90.app; sourceTree = BUILT_PRODUCTS_DIR; };
		207D4E7E248ABE7500413F08 /* AppDelegate.swift */ = {isa = PBXFileReference; lastKnownFileType = sourcecode.swift; path = AppDelegate.swift; sourceTree = "<group>"; };
		207D4E80248ABE7500413F08 /* SceneDelegate.swift */ = {isa = PBXFileReference; lastKnownFileType = sourcecode.swift; path = SceneDelegate.swift; sourceTree = "<group>"; };
		207D4E82248ABE7500413F08 /* ContentView.swift */ = {isa = PBXFileReference; lastKnownFileType = sourcecode.swift; path = ContentView.swift; sourceTree = "<group>"; };
		207D4E84248ABE7600413F08 /* Assets.xcassets */ = {isa = PBXFileReference; lastKnownFileType = folder.assetcatalog; path = Assets.xcassets; sourceTree = "<group>"; };
		207D4E87248ABE7600413F08 /* Preview Assets.xcassets */ = {isa = PBXFileReference; lastKnownFileType = folder.assetcatalog; path = "Preview Assets.xcassets"; sourceTree = "<group>"; };
		207D4E8A248ABE7600413F08 /* Base */ = {isa = PBXFileReference; lastKnownFileType = file.storyboard; name = Base; path = Base.lproj/LaunchScreen.storyboard; sourceTree = "<group>"; };
		207D4E8C248ABE7600413F08 /* Info.plist */ = {isa = PBXFileReference; lastKnownFileType = text.plist.xml; path = Info.plist; sourceTree = "<group>"; };
		207D4E92248ABE9A00413F08 /* GetData.swift */ = {isa = PBXFileReference; lastKnownFileType = sourcecode.swift; path = GetData.swift; sourceTree = "<group>"; };
		207D4E97248AC92A00413F08 /* Photo.swift */ = {isa = PBXFileReference; lastKnownFileType = sourcecode.swift; path = Photo.swift; sourceTree = "<group>"; };
/* End PBXFileReference section */

/* Begin PBXFrameworksBuildPhase section */
		207D4E78248ABE7500413F08 /* Frameworks */ = {
			isa = PBXFrameworksBuildPhase;
			buildActionMask = 2147483647;
			files = (
				207D4E96248ABF7E00413F08 /* SDWebImageSwiftUI in Frameworks */,
			);
			runOnlyForDeploymentPostprocessing = 0;
		};
/* End PBXFrameworksBuildPhase section */

/* Begin PBXGroup section */
		202639C124948E1A00BB9C5C /* Models */ = {
			isa = PBXGroup;
			children = (
				207D4E92248ABE9A00413F08 /* GetData.swift */,
				207D4E97248AC92A00413F08 /* Photo.swift */,
			);
			path = Models;
			sourceTree = "<group>";
		};
		202639C224948E3200BB9C5C /* Views */ = {
			isa = PBXGroup;
			children = (
				207D4E82248ABE7500413F08 /* ContentView.swift */,
				206376F6248F528300BB71BC /* WebView.swift */,
				205DFFB224BD49A50018BD75 /* Shimmer.swift */,
			);
			path = Views;
			sourceTree = "<group>";
		};
		207C8E1E248B270A006A4FDD /* Frameworks */ = {
			isa = PBXGroup;
			children = (
			);
			name = Frameworks;
			sourceTree = "<group>";
		};
		207D4E72248ABE7500413F08 = {
			isa = PBXGroup;
			children = (
				207D4E7D248ABE7500413F08 /* Photo90 */,
				207D4E7C248ABE7500413F08 /* Products */,
				207C8E1E248B270A006A4FDD /* Frameworks */,
			);
			sourceTree = "<group>";
		};
		207D4E7C248ABE7500413F08 /* Products */ = {
			isa = PBXGroup;
			children = (
				207D4E7B248ABE7500413F08 /* Photo90.app */,
			);
			name = Products;
			sourceTree = "<group>";
		};
		207D4E7D248ABE7500413F08 /* Photo90 */ = {
			isa = PBXGroup;
			children = (
				207D4E7E248ABE7500413F08 /* AppDelegate.swift */,
				207D4E80248ABE7500413F08 /* SceneDelegate.swift */,
				202639C224948E3200BB9C5C /* Views */,
				202639C124948E1A00BB9C5C /* Models */,
				207D4E84248ABE7600413F08 /* Assets.xcassets */,
				207D4E89248ABE7600413F08 /* LaunchScreen.storyboard */,
				207D4E8C248ABE7600413F08 /* Info.plist */,
				207D4E86248ABE7600413F08 /* Preview Content */,
			);
			path = Photo90;
			sourceTree = "<group>";
		};
		207D4E86248ABE7600413F08 /* Preview Content */ = {
			isa = PBXGroup;
			children = (
				207D4E87248ABE7600413F08 /* Preview Assets.xcassets */,
			);
			path = "Preview Content";
			sourceTree = "<group>";
		};
/* End PBXGroup section */

/* Begin PBXNativeTarget section */
		207D4E7A248ABE7500413F08 /* Photo90 */ = {
			isa = PBXNativeTarget;
			buildConfigurationList = 207D4E8F248ABE7600413F08 /* Build configuration list for PBXNativeTarget "Photo90" */;
			buildPhases = (
				207D4E77248ABE7500413F08 /* Sources */,
				207D4E78248ABE7500413F08 /* Frameworks */,
				207D4E79248ABE7500413F08 /* Resources */,
			);
			buildRules = (
			);
			dependencies = (
			);
			name = Photo90;
			packageProductDependencies = (
				207D4E95248ABF7E00413F08 /* SDWebImageSwiftUI */,
			);
			productName = Photo90;
			productReference = 207D4E7B248ABE7500413F08 /* Photo90.app */;
			productType = "com.apple.product-type.application";
		};
/* End PBXNativeTarget section */

/* Begin PBXProject section */
		207D4E73248ABE7500413F08 /* Project object */ = {
			isa = PBXProject;
			attributes = {
				LastSwiftUpdateCheck = 1150;
				LastUpgradeCheck = 1150;
				ORGANIZATIONNAME = "Nazildo Souza";
				TargetAttributes = {
					207D4E7A248ABE7500413F08 = {
						CreatedOnToolsVersion = 11.5;
					};
				};
			};
			buildConfigurationList = 207D4E76248ABE7500413F08 /* Build configuration list for PBXProject "Photo90" */;
			compatibilityVersion = "Xcode 9.3";
			developmentRegion = en;
			hasScannedForEncodings = 0;
			knownRegions = (
				en,
				Base,
			);
			mainGroup = 207D4E72248ABE7500413F08;
			packageReferences = (
				207D4E94248ABF7E00413F08 /* XCRemoteSwiftPackageReference "SDWebImageSwiftUI" */,
			);
			productRefGroup = 207D4E7C248ABE7500413F08 /* Products */;
			projectDirPath = "";
			projectRoot = "";
			targets = (
				207D4E7A248ABE7500413F08 /* Photo90 */,
			);
		};
/* End PBXProject section */

/* Begin PBXResourcesBuildPhase section */
		207D4E79248ABE7500413F08 /* Resources */ = {
			isa = PBXResourcesBuildPhase;
			buildActionMask = 2147483647;
			files = (
				207D4E8B248ABE7600413F08 /* LaunchScreen.storyboard in Resources */,
				207D4E88248ABE7600413F08 /* Preview Assets.xcassets in Resources */,
				207D4E85248ABE7600413F08 /* Assets.xcassets in Resources */,
			);
			runOnlyForDeploymentPostprocessing = 0;
		};
/* End PBXResourcesBuildPhase section */

/* Begin PBXSourcesBuildPhase section */
		207D4E77248ABE7500413F08 /* Sources */ = {
			isa = PBXSourcesBuildPhase;
			buildActionMask = 2147483647;
			files = (
				207D4E7F248ABE7500413F08 /* AppDelegate.swift in Sources */,
				207D4E81248ABE7500413F08 /* SceneDelegate.swift in Sources */,
				207D4E93248ABE9A00413F08 /* GetData.swift in Sources */,
				205DFFB324BD49A50018BD75 /* Shimmer.swift in Sources */,
				206376F7248F528300BB71BC /* WebView.swift in Sources */,
				207D4E83248ABE7500413F08 /* ContentView.swift in Sources */,
				207D4E98248AC92A00413F08 /* Photo.swift in Sources */,
			);
			runOnlyForDeploymentPostprocessing = 0;
		};
/* End PBXSourcesBuildPhase section */

/* Begin PBXVariantGroup section */
		207D4E89248ABE7600413F08 /* LaunchScreen.storyboard */ = {
			isa = PBXVariantGroup;
			children = (
				207D4E8A248ABE7600413F08 /* Base */,
			);
			name = LaunchScreen.storyboard;
			sourceTree = "<group>";
		};
/* End PBXVariantGroup section */

/* Begin XCBuildConfiguration section */
		207D4E8D248ABE7600413F08 /* Debug */ = {
			isa = XCBuildConfiguration;
			buildSettings = {
				ALWAYS_SEARCH_USER_PATHS = NO;
				CLANG_ANALYZER_NONNULL = YES;
				CLANG_ANALYZER_NUMBER_OBJECT_CONVERSION = YES_AGGRESSIVE;
				CLANG_CXX_LANGUAGE_STANDARD = "gnu++14";
				CLANG_CXX_LIBRARY = "libc++";
				CLANG_ENABLE_MODULES = YES;
				CLANG_ENABLE_OBJC_ARC = YES;
				CLANG_ENABLE_OBJC_WEAK = YES;
				CLANG_WARN_BLOCK_CAPTURE_AUTORELEASING = YES;
				CLANG_WARN_BOOL_CONVERSION = YES;
				CLANG_WARN_COMMA = YES;
				CLANG_WARN_CONSTANT_CONVERSION = YES;
				CLANG_WARN_DEPRECATED_OBJC_IMPLEMENTATIONS = YES;
				CLANG_WARN_DIRECT_OBJC_ISA_USAGE = YES_ERROR;
				CLANG_WARN_DOCUMENTATION_COMMENTS = YES;
				CLANG_WARN_EMPTY_BODY = YES;
				CLANG_WARN_ENUM_CONVERSION = YES;
				CLANG_WARN_INFINITE_RECURSION = YES;
				CLANG_WARN_INT_CONVERSION = YES;
				CLANG_WARN_NON_LITERAL_NULL_CONVERSION = YES;
				CLANG_WARN_OBJC_IMPLICIT_RETAIN_SELF = YES;
				CLANG_WARN_OBJC_LITERAL_CONVERSION = YES;
				CLANG_WARN_OBJC_ROOT_CLASS = YES_ERROR;
				CLANG_WARN_RANGE_LOOP_ANALYSIS = YES;
				CLANG_WARN_STRICT_PROTOTYPES = YES;
				CLANG_WARN_SUSPICIOUS_MOVE = YES;
				CLANG_WARN_UNGUARDED_AVAILABILITY = YES_AGGRESSIVE;
				CLANG_WARN_UNREACHABLE_CODE = YES;
				CLANG_WARN__DUPLICATE_METHOD_MATCH = YES;
				COPY_PHASE_STRIP = NO;
				DEBUG_INFORMATION_FORMAT = dwarf;
				ENABLE_STRICT_OBJC_MSGSEND = YES;
				ENABLE_TESTABILITY = YES;
				GCC_C_LANGUAGE_STANDARD = gnu11;
				GCC_DYNAMIC_NO_PIC = NO;
				GCC_NO_COMMON_BLOCKS = YES;
				GCC_OPTIMIZATION_LEVEL = 0;
				GCC_PREPROCESSOR_DEFINITIONS = (
					"DEBUG=1",
					"$(inherited)",
				);
				GCC_WARN_64_TO_32_BIT_CONVERSION = YES;
				GCC_WARN_ABOUT_RETURN_TYPE = YES_ERROR;
				GCC_WARN_UNDECLARED_SELECTOR = YES;
				GCC_WARN_UNINITIALIZED_AUTOS = YES_AGGRESSIVE;
				GCC_WARN_UNUSED_FUNCTION = YES;
				GCC_WARN_UNUSED_VARIABLE = YES;
				IPHONEOS_DEPLOYMENT_TARGET = 13.5;
				MTL_ENABLE_DEBUG_INFO = INCLUDE_SOURCE;
				MTL_FAST_MATH = YES;
				ONLY_ACTIVE_ARCH = YES;
				SDKROOT = iphoneos;
				SWIFT_ACTIVE_COMPILATION_CONDITIONS = DEBUG;
				SWIFT_OPTIMIZATION_LEVEL = "-Onone";
			};
			name = Debug;
		};
		207D4E8E248ABE7600413F08 /* Release */ = {
			isa = XCBuildConfiguration;
			buildSettings = {
				ALWAYS_SEARCH_USER_PATHS = NO;
				CLANG_ANALYZER_NONNULL = YES;
				CLANG_ANALYZER_NUMBER_OBJECT_CONVERSION = YES_AGGRESSIVE;
				CLANG_CXX_LANGUAGE_STANDARD = "gnu++14";
				CLANG_CXX_LIBRARY = "libc++";
				CLANG_ENABLE_MODULES = YES;
				CLANG_ENABLE_OBJC_ARC = YES;
				CLANG_ENABLE_OBJC_WEAK = YES;
				CLANG_WARN_BLOCK_CAPTURE_AUTORELEASING = YES;
				CLANG_WARN_BOOL_CONVERSION = YES;
				CLANG_WARN_COMMA = YES;
				CLANG_WARN_CONSTANT_CONVERSION = YES;
				CLANG_WARN_DEPRECATED_OBJC_IMPLEMENTATIONS = YES;
				CLANG_WARN_DIRECT_OBJC_ISA_USAGE = YES_ERROR;
				CLANG_WARN_DOCUMENTATION_COMMENTS = YES;
				CLANG_WARN_EMPTY_BODY = YES;
				CLANG_WARN_ENUM_CONVERSION = YES;
				CLANG_WARN_INFINITE_RECURSION = YES;
				CLANG_WARN_INT_CONVERSION = YES;
				CLANG_WARN_NON_LITERAL_NULL_CONVERSION = YES;
				CLANG_WARN_OBJC_IMPLICIT_RETAIN_SELF = YES;
				CLANG_WARN_OBJC_LITERAL_CONVERSION = YES;
				CLANG_WARN_OBJC_ROOT_CLASS = YES_ERROR;
				CLANG_WARN_RANGE_LOOP_ANALYSIS = YES;
				CLANG_WARN_STRICT_PROTOTYPES = YES;
				CLANG_WARN_SUSPICIOUS_MOVE = YES;
				CLANG_WARN_UNGUARDED_AVAILABILITY = YES_AGGRESSIVE;
				CLANG_WARN_UNREACHABLE_CODE = YES;
				CLANG_WARN__DUPLICATE_METHOD_MATCH = YES;
				COPY_PHASE_STRIP = NO;
				DEBUG_INFORMATION_FORMAT = "dwarf-with-dsym";
				ENABLE_NS_ASSERTIONS = NO;
				ENABLE_STRICT_OBJC_MSGSEND = YES;
				GCC_C_LANGUAGE_STANDARD = gnu11;
				GCC_NO_COMMON_BLOCKS = YES;
				GCC_WARN_64_TO_32_BIT_CONVERSION = YES;
				GCC_WARN_ABOUT_RETURN_TYPE = YES_ERROR;
				GCC_WARN_UNDECLARED_SELECTOR = YES;
				GCC_WARN_UNINITIALIZED_AUTOS = YES_AGGRESSIVE;
				GCC_WARN_UNUSED_FUNCTION = YES;
				GCC_WARN_UNUSED_VARIABLE = YES;
				IPHONEOS_DEPLOYMENT_TARGET = 13.5;
				MTL_ENABLE_DEBUG_INFO = NO;
				MTL_FAST_MATH = YES;
				SDKROOT = iphoneos;
				SWIFT_COMPILATION_MODE = wholemodule;
				SWIFT_OPTIMIZATION_LEVEL = "-O";
				VALIDATE_PRODUCT = YES;
			};
			name = Release;
		};
		207D4E90248ABE7600413F08 /* Debug */ = {
			isa = XCBuildConfiguration;
			buildSettings = {
				ASSETCATALOG_COMPILER_APPICON_NAME = AppIcon;
				CODE_SIGN_STYLE = Automatic;
				DEVELOPMENT_ASSET_PATHS = "\"Photo90/Preview Content\"";
				ENABLE_PREVIEWS = YES;
				INFOPLIST_FILE = Photo90/Info.plist;
				IPHONEOS_DEPLOYMENT_TARGET = 13.0;
				LD_RUNPATH_SEARCH_PATHS = (
					"$(inherited)",
					"@executable_path/Frameworks",
				);
				PRODUCT_BUNDLE_IDENTIFIER = com.nazildosouza.Photo90;
				PRODUCT_NAME = "$(TARGET_NAME)";
				SWIFT_VERSION = 5.0;
				TARGETED_DEVICE_FAMILY = "1,2";
			};
			name = Debug;
		};
		207D4E91248ABE7600413F08 /* Release */ = {
			isa = XCBuildConfiguration;
			buildSettings = {
				ASSETCATALOG_COMPILER_APPICON_NAME = AppIcon;
				CODE_SIGN_STYLE = Automatic;
				DEVELOPMENT_ASSET_PATHS = "\"Photo90/Preview Content\"";
				ENABLE_PREVIEWS = YES;
				INFOPLIST_FILE = Photo90/Info.plist;
				IPHONEOS_DEPLOYMENT_TARGET = 13.0;
				LD_RUNPATH_SEARCH_PATHS = (
					"$(inherited)",
					"@executable_path/Frameworks",
				);
				PRODUCT_BUNDLE_IDENTIFIER = com.nazildosouza.Photo90;
				PRODUCT_NAME = "$(TARGET_NAME)";
				SWIFT_VERSION = 5.0;
				TARGETED_DEVICE_FAMILY = "1,2";
			};
			name = Release;
		};
/* End XCBuildConfiguration section */

/* Begin XCConfigurationList section */
		207D4E76248ABE7500413F08 /* Build configuration list for PBXProject "Photo90" */ = {
			isa = XCConfigurationList;
			buildConfigurations = (
				207D4E8D248ABE7600413F08 /* Debug */,
				207D4E8E248ABE7600413F08 /* Release */,
			);
			defaultConfigurationIsVisible = 0;
			defaultConfigurationName = Release;
		};
		207D4E8F248ABE7600413F08 /* Build configuration list for PBXNativeTarget "Photo90" */ = {
			isa = XCConfigurationList;
			buildConfigurations = (
				207D4E90248ABE7600413F08 /* Debug */,
				207D4E91248ABE7600413F08 /* Release */,
			);
			defaultConfigurationIsVisible = 0;
			defaultConfigurationName = Release;
		};
/* End XCConfigurationList section */

/* Begin XCRemoteSwiftPackageReference section */
		207D4E94248ABF7E00413F08 /* XCRemoteSwiftPackageReference "SDWebImageSwiftUI" */ = {
			isa = XCRemoteSwiftPackageReference;
			repositoryURL = "https://github.com/SDWebImage/SDWebImageSwiftUI.git";
			requirement = {
				kind = upToNextMajorVersion;
				minimumVersion = 1.5.0;
			};
		};
/* End XCRemoteSwiftPackageReference section */

/* Begin XCSwiftPackageProductDependency section */
		207D4E95248ABF7E00413F08 /* SDWebImageSwiftUI */ = {
			isa = XCSwiftPackageProductDependency;
			package = 207D4E94248ABF7E00413F08 /* XCRemoteSwiftPackageReference "SDWebImageSwiftUI" */;
			productName = SDWebImageSwiftUI;
		};
/* End XCSwiftPackageProductDependency section */
	};
	rootObject = 207D4E73248ABE7500413F08 /* Project object */;
}
